
Microsoft Visual Studio Solution File, Format Version 12.00
# Visual Studio Version 17
VisualStudioVersion = 17.10.34928.147
MinimumVisualStudioVersion = 10.0.40219.1
Project("{FAE04EC0-301F-11D3-BF4B-00C04F79EFBC}") = "ussdDotNet", "ussdDotNet\ussdDotNet.csproj", "{0C6BD778-E9B5-4738-97FB-A36C0380EE14}"
EndProject
Project("{FAE04EC0-301F-11D3-BF4B-00C04F79EFBC}") = "ussdDotNetTest", "ussdDotNetTest\ussdDotNetTest.csproj", "{A3E4FA40-57AC-4829-AB3E-AF885852E4B2}"
EndProject
Global
	GlobalSection(SolutionConfigurationPlatforms) = preSolution
		Debug|Any CPU = Debug|Any CPU
		Release|Any CPU = Release|Any CPU
	EndGlobalSection
	GlobalSection(ProjectConfigurationPlatforms) = postSolution
		{0C6BD778-E9B5-4738-97FB-A36C0380EE14}.Debug|Any CPU.ActiveCfg = Debug|Any CPU
		{0C6BD778-E9B5-4738-97FB-A36C0380EE14}.Debug|Any CPU.Build.0 = Debug|Any CPU
		{0C6BD778-E9B5-4738-97FB-A36C0380EE14}.Release|Any CPU.ActiveCfg = Release|Any CPU
		{0C6BD778-E9B5-4738-97FB-A36C0380EE14}.Release|Any CPU.Build.0 = Release|Any CPU
		{A3E4FA40-57AC-4829-AB3E-AF885852E4B2}.Debug|Any CPU.ActiveCfg = Debug|Any CPU
		{A3E4FA40-57AC-4829-AB3E-AF885852E4B2}.Debug|Any CPU.Build.0 = Debug|Any CPU
		{A3E4FA40-57AC-4829-AB3E-AF885852E4B2}.Release|Any CPU.ActiveCfg = Release|Any CPU
		{A3E4FA40-57AC-4829-AB3E-AF885852E4B2}.Release|Any CPU.Build.0 = Release|Any CPU
	EndGlobalSection
	GlobalSection(SolutionProperties) = preSolution
		HideSolutionNode = FALSE
	EndGlobalSection
	GlobalSection(ExtensibilityGlobals) = postSolution
		SolutionGuid = {F6478E43-C882-422E-A06D-69D55EB52025}
	EndGlobalSection
EndGlobal
